
Microsoft Visual Studio Solution File, Format Version 12.00
# Visual Studio Version 16
VisualStudioVersion = 16.0.29509.3
MinimumVisualStudioVersion = 10.0.40219.1
Project("{FAE04EC0-301F-11D3-BF4B-00C04F79EFBC}") = "RSS_Reader", "RSS_Reader\RSS_Reader.csproj", "{F8E60DCB-3ADF-4EFF-955F-07DD19D3D37E}"
EndProject
Global
	GlobalSection(SolutionConfigurationPlatforms) = preSolution
		Debug|Any CPU = Debug|Any CPU
		Release|Any CPU = Release|Any CPU
	EndGlobalSection
	GlobalSection(ProjectConfigurationPlatforms) = postSolution
		{F8E60DCB-3ADF-4EFF-955F-07DD19D3D37E}.Debug|Any CPU.ActiveCfg = Debug|Any CPU
		{F8E60DCB-3ADF-4EFF-955F-07DD19D3D37E}.Debug|Any CPU.Build.0 = Debug|Any CPU
		{F8E60DCB-3ADF-4EFF-955F-07DD19D3D37E}.Release|Any CPU.ActiveCfg = Release|Any CPU
		{F8E60DCB-3ADF-4EFF-955F-07DD19D3D37E}.Release|Any CPU.Build.0 = Release|Any CPU
	EndGlobalSection
	GlobalSection(SolutionProperties) = preSolution
		HideSolutionNode = FALSE
	EndGlobalSection
	GlobalSection(ExtensibilityGlobals) = postSolution
		SolutionGuid = {B877E60D-B105-4EE5-A31C-8B92CD1CD1D3}
	EndGlobalSection
EndGlobal
